github.com/gijsbers/go-pcre v1.0.0 h1:bVU/KYiKRYV8cODOxyM+KEryeGwFXgOni1ccBfB+lDs=
github.com/gijsbers/go-pcre v1.0.0/go.mod h1:Bd83Kcti1U5OMXYYTjilhd6os+l6AmlTMVbDtaBvycQ=
github.com/glenn-brown/golang-pkg-pcre v0.0.0-20120522223659-48bb82a8b8ce h1:MS/JOOAHf4U2iKl8+1+vzUcG9t9ru1hnZJ9NEBDvMnY=
github.com/glenn-brown/golang-pkg-pcre v0.0.0-20120522223659-48bb82a8b8ce/go.mod h1:5385NDJ+Gt5loLrAlc8Rr5lKA1L5BE5O94jfdwEX9kg=
